
Microsoft Visual Studio Solution File, Format Version 12.00
# Visual Studio 2012
Project("{FAE04EC0-301F-11D3-BF4B-00C04F79EFBC}") = "Coombi125565Web", "Coombi125565Web.csproj", "{30A80A8B-4BCC-4710-9B52-4A9612954C79}"
EndProject
Project("{CC5FD16D-436D-48AD-A40C-5A424C6E3E79}") = "Coombi125565Cloud", "..\Coombi125565Cloud\Coombi125565Cloud.ccproj", "{A984592B-178A-416D-AE86-EE236B563818}"
EndProject
Project("{FAE04EC0-301F-11D3-BF4B-00C04F79EFBC}") = "Coombi125565Worker", "Coombi125565Worker\Coombi125565Worker.csproj", "{D6649997-B64B-4440-8821-B7334EF49307}"
EndProject
Global
	GlobalSection(SolutionConfigurationPlatforms) = preSolution
		Debug|Any CPU = Debug|Any CPU
		Release|Any CPU = Release|Any CPU
	EndGlobalSection
	GlobalSection(ProjectConfigurationPlatforms) = postSolution
		{30A80A8B-4BCC-4710-9B52-4A9612954C79}.Debug|Any CPU.ActiveCfg = Debug|Any CPU
		{30A80A8B-4BCC-4710-9B52-4A9612954C79}.Debug|Any CPU.Build.0 = Debug|Any CPU
		{30A80A8B-4BCC-4710-9B52-4A9612954C79}.Release|Any CPU.ActiveCfg = Release|Any CPU
		{30A80A8B-4BCC-4710-9B52-4A9612954C79}.Release|Any CPU.Build.0 = Release|Any CPU
		{A984592B-178A-416D-AE86-EE236B563818}.Debug|Any CPU.ActiveCfg = Debug|Any CPU
		{A984592B-178A-416D-AE86-EE236B563818}.Debug|Any CPU.Build.0 = Debug|Any CPU
		{A984592B-178A-416D-AE86-EE236B563818}.Release|Any CPU.ActiveCfg = Release|Any CPU
		{A984592B-178A-416D-AE86-EE236B563818}.Release|Any CPU.Build.0 = Release|Any CPU
		{D6649997-B64B-4440-8821-B7334EF49307}.Debug|Any CPU.ActiveCfg = Debug|Any CPU
		{D6649997-B64B-4440-8821-B7334EF49307}.Debug|Any CPU.Build.0 = Debug|Any CPU
		{D6649997-B64B-4440-8821-B7334EF49307}.Release|Any CPU.ActiveCfg = Release|Any CPU
		{D6649997-B64B-4440-8821-B7334EF49307}.Release|Any CPU.Build.0 = Release|Any CPU
	EndGlobalSection
	GlobalSection(SolutionProperties) = preSolution
		HideSolutionNode = FALSE
	EndGlobalSection
EndGlobal
